
Microsoft Visual Studio Solution File, Format Version 12.00
# Visual Studio Version 17
VisualStudioVersion = 17.9.34616.47
MinimumVisualStudioVersion = 10.0.40219.1
Project("{FAE04EC0-301F-11D3-BF4B-00C04F79EFBC}") = "INF272Prac2", "INF272Prac2.csproj", "{ECDC16B7-92DB-47A2-8EE8-D56AFF076871}"
EndProject
Global
	GlobalSection(SolutionConfigurationPlatforms) = preSolution
		Debug|Any CPU = Debug|Any CPU
		Release|Any CPU = Release|Any CPU
	EndGlobalSection
	GlobalSection(ProjectConfigurationPlatforms) = postSolution
		{ECDC16B7-92DB-47A2-8EE8-D56AFF076871}.Debug|Any CPU.ActiveCfg = Debug|Any CPU
		{ECDC16B7-92DB-47A2-8EE8-D56AFF076871}.Debug|Any CPU.Build.0 = Debug|Any CPU
		{ECDC16B7-92DB-47A2-8EE8-D56AFF076871}.Release|Any CPU.ActiveCfg = Release|Any CPU
		{ECDC16B7-92DB-47A2-8EE8-D56AFF076871}.Release|Any CPU.Build.0 = Release|Any CPU
	EndGlobalSection
	GlobalSection(SolutionProperties) = preSolution
		HideSolutionNode = FALSE
	EndGlobalSection
	GlobalSection(ExtensibilityGlobals) = postSolution
		SolutionGuid = {ADDBEAF9-00FF-46EF-B38D-86850424B2C1}
	EndGlobalSection
EndGlobal
